
Microsoft Visual Studio Solution File, Format Version 12.00
# Visual Studio Version 16
VisualStudioVersion = 16.0.30406.217
MinimumVisualStudioVersion = 10.0.40219.1
Project("{9A19103F-16F7-4668-BE54-9A1E7A4F7556}") = "WebApi", "WebApi\WebApi.csproj", "{F7D2A95E-42AD-453B-90B7-7F230AA87DAA}"
EndProject
Project("{9A19103F-16F7-4668-BE54-9A1E7A4F7556}") = "PooledRabbitClient", "PooledRabbitClient\PooledRabbitClient.csproj", "{636B7AE2-8A03-47F3-B4C4-88C0926C61B0}"
EndProject
Global
	GlobalSection(SolutionConfigurationPlatforms) = preSolution
		Debug|Any CPU = Debug|Any CPU
		Release|Any CPU = Release|Any CPU
	EndGlobalSection
	GlobalSection(ProjectConfigurationPlatforms) = postSolution
		{F7D2A95E-42AD-453B-90B7-7F230AA87DAA}.Debug|Any CPU.ActiveCfg = Debug|Any CPU
		{F7D2A95E-42AD-453B-90B7-7F230AA87DAA}.Debug|Any CPU.Build.0 = Debug|Any CPU
		{F7D2A95E-42AD-453B-90B7-7F230AA87DAA}.Release|Any CPU.ActiveCfg = Release|Any CPU
		{F7D2A95E-42AD-453B-90B7-7F230AA87DAA}.Release|Any CPU.Build.0 = Release|Any CPU
		{636B7AE2-8A03-47F3-B4C4-88C0926C61B0}.Debug|Any CPU.ActiveCfg = Debug|Any CPU
		{636B7AE2-8A03-47F3-B4C4-88C0926C61B0}.Debug|Any CPU.Build.0 = Debug|Any CPU
		{636B7AE2-8A03-47F3-B4C4-88C0926C61B0}.Release|Any CPU.ActiveCfg = Release|Any CPU
		{636B7AE2-8A03-47F3-B4C4-88C0926C61B0}.Release|Any CPU.Build.0 = Release|Any CPU
	EndGlobalSection
	GlobalSection(SolutionProperties) = preSolution
		HideSolutionNode = FALSE
	EndGlobalSection
	GlobalSection(ExtensibilityGlobals) = postSolution
		SolutionGuid = {5396948F-22AF-4578-8EA9-4F7E2531DCD5}
	EndGlobalSection
EndGlobal
